Microsoft Visual Studio Solution File, Format Version 12.00
# Visual Studio 14
VisualStudioVersion = 14.0.25123.0
MinimumVisualStudioVersion = 10.0.40219.1
Project("{8BC9CEB8-8B4A-11D0-8D11-00A0C91BC942}") = "ALL_BUILD", "ALL_BUILD.vcxproj", "{DD41A3C0-8817-3BB1-AEBA-88162F9E962A}"
	ProjectSection(ProjectDependencies) = postProject
		{3827C2C6-4BB8-32DF-9669-0BDABA323023} = {3827C2C6-4BB8-32DF-9669-0BDABA323023}
		{336CF5A7-5E92-3143-BF06-DADAA16BBAB1} = {336CF5A7-5E92-3143-BF06-DADAA16BBAB1}
		{BE5AE252-7D1B-37D2-ABEF-538CF8DC88B6} = {BE5AE252-7D1B-37D2-ABEF-538CF8DC88B6}
	EndProjectSection
EndProject
Project("{8BC9CEB8-8B4A-11D0-8D11-00A0C91BC942}") = "INSTALL", "INSTALL.vcxproj", "{62FBA590-C2CB-3B10-B986-DBC7EB6986B7}"
	ProjectSection(ProjectDependencies) = postProject
		{DD41A3C0-8817-3BB1-AEBA-88162F9E962A} = {DD41A3C0-8817-3BB1-AEBA-88162F9E962A}
		{3827C2C6-4BB8-32DF-9669-0BDABA323023} = {3827C2C6-4BB8-32DF-9669-0BDABA323023}
	EndProjectSection
EndProject
Project("{8BC9CEB8-8B4A-11D0-8D11-00A0C91BC942}") = "PACKAGE", "PACKAGE.vcxproj", "{0E614430-C58B-3AF9-BB2C-849CA336328B}"
	ProjectSection(ProjectDependencies) = postProject
		{DD41A3C0-8817-3BB1-AEBA-88162F9E962A} = {DD41A3C0-8817-3BB1-AEBA-88162F9E962A}
		{3827C2C6-4BB8-32DF-9669-0BDABA323023} = {3827C2C6-4BB8-32DF-9669-0BDABA323023}
	EndProjectSection
EndProject
Project("{8BC9CEB8-8B4A-11D0-8D11-00A0C91BC942}") = "ZERO_CHECK", "ZERO_CHECK.vcxproj", "{3827C2C6-4BB8-32DF-9669-0BDABA323023}"
EndProject
Project("{8BC9CEB8-8B4A-11D0-8D11-00A0C91BC942}") = "doxygen", "doc\doxygen.vcxproj", "{B63B39D2-296C-338D-B9A8-8893935BE3E7}"
	ProjectSection(ProjectDependencies) = postProject
		{3827C2C6-4BB8-32DF-9669-0BDABA323023} = {3827C2C6-4BB8-32DF-9669-0BDABA323023}
	EndProjectSection
EndProject
Project("{8BC9CEB8-8B4A-11D0-8D11-00A0C91BC942}") = "fluidsynth", "src\fluidsynth.vcxproj", "{336CF5A7-5E92-3143-BF06-DADAA16BBAB1}"
	ProjectSection(ProjectDependencies) = postProject
		{3827C2C6-4BB8-32DF-9669-0BDABA323023} = {3827C2C6-4BB8-32DF-9669-0BDABA323023}
		{BE5AE252-7D1B-37D2-ABEF-538CF8DC88B6} = {BE5AE252-7D1B-37D2-ABEF-538CF8DC88B6}
	EndProjectSection
EndProject
Project("{8BC9CEB8-8B4A-11D0-8D11-00A0C91BC942}") = "libfluidsynth", "src\libfluidsynth.vcxproj", "{BE5AE252-7D1B-37D2-ABEF-538CF8DC88B6}"
	ProjectSection(ProjectDependencies) = postProject
		{3827C2C6-4BB8-32DF-9669-0BDABA323023} = {3827C2C6-4BB8-32DF-9669-0BDABA323023}
	EndProjectSection
EndProject
Project("{8BC9CEB8-8B4A-11D0-8D11-00A0C91BC942}") = "TestFluidConsole", "..\TestFluidConsole\TestFluidConsole.vcxproj", "{3DFA691F-A94B-4F20-9EA1-B19B45EB3098}"
EndProject
Global
	GlobalSection(SolutionConfigurationPlatforms) = preSolution
		Debug|x64 = Debug|x64
		Debug|x86 = Debug|x86
		MinSizeRel|x64 = MinSizeRel|x64
		MinSizeRel|x86 = MinSizeRel|x86
		Release|x64 = Release|x64
		Release|x86 = Release|x86
		RelWithDebInfo|x64 = RelWithDebInfo|x64
		RelWithDebInfo|x86 = RelWithDebInfo|x86
	EndGlobalSection
	GlobalSection(ProjectConfigurationPlatforms) = postSolution
		{DD41A3C0-8817-3BB1-AEBA-88162F9E962A}.Debug|x64.ActiveCfg = Debug|x64
		{DD41A3C0-8817-3BB1-AEBA-88162F9E962A}.Debug|x64.Build.0 = Debug|x64
		{DD41A3C0-8817-3BB1-AEBA-88162F9E962A}.Debug|x86.ActiveCfg = Debug|x64
		{DD41A3C0-8817-3BB1-AEBA-88162F9E962A}.MinSizeRel|x64.ActiveCfg = MinSizeRel|x64
		{DD41A3C0-8817-3BB1-AEBA-88162F9E962A}.MinSizeRel|x64.Build.0 = MinSizeRel|x64
		{DD41A3C0-8817-3BB1-AEBA-88162F9E962A}.MinSizeRel|x86.ActiveCfg = MinSizeRel|x64
		{DD41A3C0-8817-3BB1-AEBA-88162F9E962A}.Release|x64.ActiveCfg = Release|x64
		{DD41A3C0-8817-3BB1-AEBA-88162F9E962A}.Release|x64.Build.0 = Release|x64
		{DD41A3C0-8817-3BB1-AEBA-88162F9E962A}.Release|x86.ActiveCfg = Release|x64
		{DD41A3C0-8817-3BB1-AEBA-88162F9E962A}.RelWithDebInfo|x64.ActiveCfg = RelWithDebInfo|x64
		{DD41A3C0-8817-3BB1-AEBA-88162F9E962A}.RelWithDebInfo|x64.Build.0 = RelWithDebInfo|x64
		{DD41A3C0-8817-3BB1-AEBA-88162F9E962A}.RelWithDebInfo|x86.ActiveCfg = RelWithDebInfo|x64
		{62FBA590-C2CB-3B10-B986-DBC7EB6986B7}.Debug|x64.ActiveCfg = Debug|x64
		{62FBA590-C2CB-3B10-B986-DBC7EB6986B7}.Debug|x86.ActiveCfg = Debug|x64
		{62FBA590-C2CB-3B10-B986-DBC7EB6986B7}.MinSizeRel|x64.ActiveCfg = MinSizeRel|x64
		{62FBA590-C2CB-3B10-B986-DBC7EB6986B7}.MinSizeRel|x86.ActiveCfg = MinSizeRel|x64
		{62FBA590-C2CB-3B10-B986-DBC7EB6986B7}.Release|x64.ActiveCfg = Release|x64
		{62FBA590-C2CB-3B10-B986-DBC7EB6986B7}.Release|x86.ActiveCfg = Release|x64
		{62FBA590-C2CB-3B10-B986-DBC7EB6986B7}.RelWithDebInfo|x64.ActiveCfg = RelWithDebInfo|x64
		{62FBA590-C2CB-3B10-B986-DBC7EB6986B7}.RelWithDebInfo|x86.ActiveCfg = RelWithDebInfo|x64
		{0E614430-C58B-3AF9-BB2C-849CA336328B}.Debug|x64.ActiveCfg = Debug|x64
		{0E614430-C58B-3AF9-BB2C-849CA336328B}.Debug|x86.ActiveCfg = Debug|x64
		{0E614430-C58B-3AF9-BB2C-849CA336328B}.MinSizeRel|x64.ActiveCfg = MinSizeRel|x64
		{0E614430-C58B-3AF9-BB2C-849CA336328B}.MinSizeRel|x86.ActiveCfg = MinSizeRel|x64
		{0E614430-C58B-3AF9-BB2C-849CA336328B}.Release|x64.ActiveCfg = Release|x64
		{0E614430-C58B-3AF9-BB2C-849CA336328B}.Release|x86.ActiveCfg = Release|x64
		{0E614430-C58B-3AF9-BB2C-849CA336328B}.RelWithDebInfo|x64.ActiveCfg = RelWithDebInfo|x64
		{0E614430-C58B-3AF9-BB2C-849CA336328B}.RelWithDebInfo|x86.ActiveCfg = RelWithDebInfo|x64
		{3827C2C6-4BB8-32DF-9669-0BDABA323023}.Debug|x64.ActiveCfg = Debug|x64
		{3827C2C6-4BB8-32DF-9669-0BDABA323023}.Debug|x64.Build.0 = Debug|x64
		{3827C2C6-4BB8-32DF-9669-0BDABA323023}.Debug|x86.ActiveCfg = Debug|x64
		{3827C2C6-4BB8-32DF-9669-0BDABA323023}.MinSizeRel|x64.ActiveCfg = MinSizeRel|x64
		{3827C2C6-4BB8-32DF-9669-0BDABA323023}.MinSizeRel|x64.Build.0 = MinSizeRel|x64
		{3827C2C6-4BB8-32DF-9669-0BDABA323023}.MinSizeRel|x86.ActiveCfg = MinSizeRel|x64
		{3827C2C6-4BB8-32DF-9669-0BDABA323023}.Release|x64.ActiveCfg = Release|x64
		{3827C2C6-4BB8-32DF-9669-0BDABA323023}.Release|x64.Build.0 = Release|x64
		{3827C2C6-4BB8-32DF-9669-0BDABA323023}.Release|x86.ActiveCfg = Release|x64
		{3827C2C6-4BB8-32DF-9669-0BDABA323023}.RelWithDebInfo|x64.ActiveCfg = RelWithDebInfo|x64
		{3827C2C6-4BB8-32DF-9669-0BDABA323023}.RelWithDebInfo|x64.Build.0 = RelWithDebInfo|x64
		{3827C2C6-4BB8-32DF-9669-0BDABA323023}.RelWithDebInfo|x86.ActiveCfg = RelWithDebInfo|x64
		{B63B39D2-296C-338D-B9A8-8893935BE3E7}.Debug|x64.ActiveCfg = Debug|x64
		{B63B39D2-296C-338D-B9A8-8893935BE3E7}.Debug|x86.ActiveCfg = Debug|x64
		{B63B39D2-296C-338D-B9A8-8893935BE3E7}.MinSizeRel|x64.ActiveCfg = MinSizeRel|x64
		{B63B39D2-296C-338D-B9A8-8893935BE3E7}.MinSizeRel|x86.ActiveCfg = MinSizeRel|x64
		{B63B39D2-296C-338D-B9A8-8893935BE3E7}.Release|x64.ActiveCfg = Release|x64
		{B63B39D2-296C-338D-B9A8-8893935BE3E7}.Release|x86.ActiveCfg = Release|x64
		{B63B39D2-296C-338D-B9A8-8893935BE3E7}.RelWithDebInfo|x64.ActiveCfg = RelWithDebInfo|x64
		{B63B39D2-296C-338D-B9A8-8893935BE3E7}.RelWithDebInfo|x86.ActiveCfg = RelWithDebInfo|x64
		{336CF5A7-5E92-3143-BF06-DADAA16BBAB1}.Debug|x64.ActiveCfg = Debug|x64
		{336CF5A7-5E92-3143-BF06-DADAA16BBAB1}.Debug|x64.Build.0 = Debug|x64
		{336CF5A7-5E92-3143-BF06-DADAA16BBAB1}.Debug|x86.ActiveCfg = Debug|x64
		{336CF5A7-5E92-3143-BF06-DADAA16BBAB1}.MinSizeRel|x64.ActiveCfg = MinSizeRel|x64
		{336CF5A7-5E92-3143-BF06-DADAA16BBAB1}.MinSizeRel|x64.Build.0 = MinSizeRel|x64
		{336CF5A7-5E92-3143-BF06-DADAA16BBAB1}.MinSizeRel|x86.ActiveCfg = MinSizeRel|x64
		{336CF5A7-5E92-3143-BF06-DADAA16BBAB1}.Release|x64.ActiveCfg = Release|x64
		{336CF5A7-5E92-3143-BF06-DADAA16BBAB1}.Release|x64.Build.0 = Release|x64
		{336CF5A7-5E92-3143-BF06-DADAA16BBAB1}.Release|x86.ActiveCfg = Release|x64
		{336CF5A7-5E92-3143-BF06-DADAA16BBAB1}.RelWithDebInfo|x64.ActiveCfg = RelWithDebInfo|x64
		{336CF5A7-5E92-3143-BF06-DADAA16BBAB1}.RelWithDebInfo|x64.Build.0 = RelWithDebInfo|x64
		{336CF5A7-5E92-3143-BF06-DADAA16BBAB1}.RelWithDebInfo|x86.ActiveCfg = RelWithDebInfo|x64
		{BE5AE252-7D1B-37D2-ABEF-538CF8DC88B6}.Debug|x64.ActiveCfg = Debug|x64
		{BE5AE252-7D1B-37D2-ABEF-538CF8DC88B6}.Debug|x64.Build.0 = Debug|x64
		{BE5AE252-7D1B-37D2-ABEF-538CF8DC88B6}.Debug|x86.ActiveCfg = Debug|x64
		{BE5AE252-7D1B-37D2-ABEF-538CF8DC88B6}.MinSizeRel|x64.ActiveCfg = MinSizeRel|x64
		{BE5AE252-7D1B-37D2-ABEF-538CF8DC88B6}.MinSizeRel|x64.Build.0 = MinSizeRel|x64
		{BE5AE252-7D1B-37D2-ABEF-538CF8DC88B6}.MinSizeRel|x86.ActiveCfg = MinSizeRel|x64
		{BE5AE252-7D1B-37D2-ABEF-538CF8DC88B6}.Release|x64.ActiveCfg = Release|x64
		{BE5AE252-7D1B-37D2-ABEF-538CF8DC88B6}.Release|x64.Build.0 = Release|x64
		{BE5AE252-7D1B-37D2-ABEF-538CF8DC88B6}.Release|x86.ActiveCfg = Release|x64
		{BE5AE252-7D1B-37D2-ABEF-538CF8DC88B6}.RelWithDebInfo|x64.ActiveCfg = RelWithDebInfo|x64
		{BE5AE252-7D1B-37D2-ABEF-538CF8DC88B6}.RelWithDebInfo|x64.Build.0 = RelWithDebInfo|x64
		{BE5AE252-7D1B-37D2-ABEF-538CF8DC88B6}.RelWithDebInfo|x86.ActiveCfg = RelWithDebInfo|x64
		{3DFA691F-A94B-4F20-9EA1-B19B45EB3098}.Debug|x64.ActiveCfg = Debug|x64
		{3DFA691F-A94B-4F20-9EA1-B19B45EB3098}.Debug|x64.Build.0 = Debug|x64
		{3DFA691F-A94B-4F20-9EA1-B19B45EB3098}.Debug|x86.ActiveCfg = Debug|Win32
		{3DFA691F-A94B-4F20-9EA1-B19B45EB3098}.Debug|x86.Build.0 = Debug|Win32
		{3DFA691F-A94B-4F20-9EA1-B19B45EB3098}.MinSizeRel|x64.ActiveCfg = Release|x64
		{3DFA691F-A94B-4F20-9EA1-B19B45EB3098}.MinSizeRel|x64.Build.0 = Release|x64
		{3DFA691F-A94B-4F20-9EA1-B19B45EB3098}.MinSizeRel|x86.ActiveCfg = Release|Win32
		{3DFA691F-A94B-4F20-9EA1-B19B45EB3098}.MinSizeRel|x86.Build.0 = Release|Win32
		{3DFA691F-A94B-4F20-9EA1-B19B45EB3098}.Release|x64.ActiveCfg = Release|x64
		{3DFA691F-A94B-4F20-9EA1-B19B45EB3098}.Release|x64.Build.0 = Release|x64
		{3DFA691F-A94B-4F20-9EA1-B19B45EB3098}.Release|x86.ActiveCfg = Release|Win32
		{3DFA691F-A94B-4F20-9EA1-B19B45EB3098}.Release|x86.Build.0 = Release|Win32
		{3DFA691F-A94B-4F20-9EA1-B19B45EB3098}.RelWithDebInfo|x64.ActiveCfg = Release|x64
		{3DFA691F-A94B-4F20-9EA1-B19B45EB3098}.RelWithDebInfo|x64.Build.0 = Release|x64
		{3DFA691F-A94B-4F20-9EA1-B19B45EB3098}.RelWithDebInfo|x86.ActiveCfg = Release|Win32
		{3DFA691F-A94B-4F20-9EA1-B19B45EB3098}.RelWithDebInfo|x86.Build.0 = Release|Win32
	EndGlobalSection
	GlobalSection(SolutionProperties) = preSolution
		HideSolutionNode = FALSE
	EndGlobalSection
EndGlobal
